
Microsoft Visual Studio Solution File, Format Version 12.00
# Visual Studio Version 17
VisualStudioVersion = 17.14.36518.9
MinimumVisualStudioVersion = 10.0.40219.1
Project("{FAE04EC0-301F-11D3-BF4B-00C04F79EFBC}") = "[CAP] Chat Interactive", "[CAP] Chat Interactive\[CAP] Chat Interactive.csproj", "{931E9D4D-3A8D-4B9F-8B45-55CB9267242A}"
EndProject
Project("{2150E333-8FDC-42A3-9474-1A3956D46DE8}") = "Solution Items", "Solution Items", "{02EA681E-C7D8-13C7-8484-4AC65E1B71E8}"
	ProjectSection(SolutionItems) = preProject
		..\1.6\Defs\JobDefs\JobDefs.xml = ..\1.6\Defs\JobDefs\JobDefs.xml
	EndProjectSection
EndProject
Project("{2150E333-8FDC-42A3-9474-1A3956D46DE8}") = "About", "About", "{0083D6CE-282C-4E30-BECE-19D430116E62}"
	ProjectSection(SolutionItems) = preProject
		..\About\about.xml = ..\About\about.xml
	EndProjectSection
EndProject
Project("{FAE04EC0-301F-11D3-BF4B-00C04F79EFBC}") = "[CAP] HAR Patch", "[CAP] HAR Patch\[CAP] HAR Patch.csproj", "{6A6186C9-4DC4-4098-B598-BAACF789CE32}"
EndProject
Global
	GlobalSection(SolutionConfigurationPlatforms) = preSolution
		Debug|Any CPU = Debug|Any CPU
		Release|Any CPU = Release|Any CPU
	EndGlobalSection
	GlobalSection(ProjectConfigurationPlatforms) = postSolution
		{931E9D4D-3A8D-4B9F-8B45-55CB9267242A}.Debug|Any CPU.ActiveCfg = Debug|Any CPU
		{931E9D4D-3A8D-4B9F-8B45-55CB9267242A}.Debug|Any CPU.Build.0 = Debug|Any CPU
		{931E9D4D-3A8D-4B9F-8B45-55CB9267242A}.Release|Any CPU.ActiveCfg = Release|Any CPU
		{931E9D4D-3A8D-4B9F-8B45-55CB9267242A}.Release|Any CPU.Build.0 = Release|Any CPU
		{6A6186C9-4DC4-4098-B598-BAACF789CE32}.Debug|Any CPU.ActiveCfg = Debug|Any CPU
		{6A6186C9-4DC4-4098-B598-BAACF789CE32}.Debug|Any CPU.Build.0 = Debug|Any CPU
		{6A6186C9-4DC4-4098-B598-BAACF789CE32}.Release|Any CPU.ActiveCfg = Release|Any CPU
		{6A6186C9-4DC4-4098-B598-BAACF789CE32}.Release|Any CPU.Build.0 = Release|Any CPU
	EndGlobalSection
	GlobalSection(SolutionProperties) = preSolution
		HideSolutionNode = FALSE
	EndGlobalSection
	GlobalSection(NestedProjects) = preSolution
		{0083D6CE-282C-4E30-BECE-19D430116E62} = {02EA681E-C7D8-13C7-8484-4AC65E1B71E8}
	EndGlobalSection
	GlobalSection(ExtensibilityGlobals) = postSolution
		SolutionGuid = {0130A430-4ED0-4CF4-A387-6AFDCFF9326F}
	EndGlobalSection
EndGlobal
